PODS:
  - ADMine (0.1.12):
    - JSMediator
  - CTMediator (44)
  - JSMediator (0.1.0):
    - CTMediator

DEPENDENCIES:
  - ADMine (from `../`)

SPEC REPOS:
  https://gitee.com/jingshionline/jsolspecs.git:
    - JSMediator
  trunk:
    - CTMediator

EXTERNAL SOURCES:
  ADMine:
    :path: "../"

SPEC CHECKSUMS:
  ADMine: 5aeeb65e8be1c659aebe9c4dcfa99f5411aa968b
  CTMediator: 933dba523da87bf875e4a7e8728945fbc512f1d2
  JSMediator: 272ba47399b3f293435f0ece6c95fdc8d2d4b230

PODFILE CHECKSUM: edc5ab1704677ad28f567bed50980466fc959624

COCOAPODS: 1.10.0
