PODS:
  - ADCase_Category (0.1.2):
    - CTMediator
  - ADMine (0.1.9):
    - ADCase_Category
  - CTMediator (44)

DEPENDENCIES:
  - ADMine (from `../`)

SPEC REPOS:
  trunk:
    - ADCase_Category
    - CTMediator

EXTERNAL SOURCES:
  ADMine:
    :path: "../"

SPEC CHECKSUMS:
  ADCase_Category: bae766e7fa7aad3ec5b9e12220a4384cb81e7684
  ADMine: 727e9c37372603318236a9c04cb7faebc2b9bc1d
  CTMediator: 933dba523da87bf875e4a7e8728945fbc512f1d2

PODFILE CHECKSUM: 25221a9a044145733d2256bf29dac03ab088a948

COCOAPODS: 1.10.0
